
Microsoft Visual Studio Solution File, Format Version 11.00
# Visual Studio 2010
Project("{FAE04EC0-301F-11D3-BF4B-00C04F79EFBC}") = "inject", "inject\inject.csproj", "{2FD75733-E4FD-4DFB-955C-38E8D8DACFCB}"
EndProject
Global
	GlobalSection(SolutionConfigurationPlatforms) = preSolution
		Debug|Any CPU = Debug|Any CPU
		Release|Any CPU = Release|Any CPU
	EndGlobalSection
	GlobalSection(ProjectConfigurationPlatforms) = postSolution
		{2FD75733-E4FD-4DFB-955C-38E8D8DACFCB}.Debug|Any CPU.ActiveCfg = Debug|Any CPU
		{2FD75733-E4FD-4DFB-955C-38E8D8DACFCB}.Debug|Any CPU.Build.0 = Debug|Any CPU
		{2FD75733-E4FD-4DFB-955C-38E8D8DACFCB}.Release|Any CPU.ActiveCfg = Release|Any CPU
		{2FD75733-E4FD-4DFB-955C-38E8D8DACFCB}.Release|Any CPU.Build.0 = Release|Any CPU
	EndGlobalSection
	GlobalSection(SolutionProperties) = preSolution
		HideSolutionNode = FALSE
	EndGlobalSection
EndGlobal
